PODS:
  - Nimble (7.0.1)
  - Quick (1.0.0)
  - Shift (0.2.0)

DEPENDENCIES:
  - Nimble (~> 7.0.1)
  - Quick (~> 1.0.0)
  - Shift (from `../`)

EXTERNAL SOURCES:
  Shift:
    :path: "../"

SPEC CHECKSUMS:
  Nimble: 657d000e11df8aebe27cdaf9d244de7f30ed87f7
  Quick: 8024e4a47e6cc03a9d5245ef0948264fc6d27cff
  Shift: 7ca8c2e3471d65d20c1878e8d0f93b39fdce31f3

PODFILE CHECKSUM: b528e9aeea5f405fe5b663b8c2b49bef7ef0e76f

COCOAPODS: 1.1.1
